
Microsoft Visual Studio Solution File, Format Version 12.00
# Visual Studio Version 17
VisualStudioVersion = 17.0.32014.148
MinimumVisualStudioVersion = 10.0.40219.1
Project("{FAE04EC0-301F-11D3-BF4B-00C04F79EFBC}") = "WordsCombiner.Server", "Server\WordsCombiner.Server.csproj", "{2CEE5A79-657B-44C8-BE71-58D0C78AFA93}"
EndProject
Project("{FAE04EC0-301F-11D3-BF4B-00C04F79EFBC}") = "WordsCombiner.Client", "Client\WordsCombiner.Client.csproj", "{9ACFEF68-46F1-4524-998C-A10D7411F99A}"
EndProject
Project("{FAE04EC0-301F-11D3-BF4B-00C04F79EFBC}") = "WordsCombiner.Shared", "Shared\WordsCombiner.Shared.csproj", "{F3F89B11-F6CD-432A-8978-82F06E9FD2FB}"
EndProject
Global
	GlobalSection(SolutionConfigurationPlatforms) = preSolution
		Debug|Any CPU = Debug|Any CPU
		Release|Any CPU = Release|Any CPU
	EndGlobalSection
	GlobalSection(ProjectConfigurationPlatforms) = postSolution
		{2CEE5A79-657B-44C8-BE71-58D0C78AFA93}.Debug|Any CPU.ActiveCfg = Debug|Any CPU
		{2CEE5A79-657B-44C8-BE71-58D0C78AFA93}.Debug|Any CPU.Build.0 = Debug|Any CPU
		{2CEE5A79-657B-44C8-BE71-58D0C78AFA93}.Release|Any CPU.ActiveCfg = Release|Any CPU
		{2CEE5A79-657B-44C8-BE71-58D0C78AFA93}.Release|Any CPU.Build.0 = Release|Any CPU
		{9ACFEF68-46F1-4524-998C-A10D7411F99A}.Debug|Any CPU.ActiveCfg = Debug|Any CPU
		{9ACFEF68-46F1-4524-998C-A10D7411F99A}.Debug|Any CPU.Build.0 = Debug|Any CPU
		{9ACFEF68-46F1-4524-998C-A10D7411F99A}.Release|Any CPU.ActiveCfg = Release|Any CPU
		{9ACFEF68-46F1-4524-998C-A10D7411F99A}.Release|Any CPU.Build.0 = Release|Any CPU
		{F3F89B11-F6CD-432A-8978-82F06E9FD2FB}.Debug|Any CPU.ActiveCfg = Debug|Any CPU
		{F3F89B11-F6CD-432A-8978-82F06E9FD2FB}.Debug|Any CPU.Build.0 = Debug|Any CPU
		{F3F89B11-F6CD-432A-8978-82F06E9FD2FB}.Release|Any CPU.ActiveCfg = Release|Any CPU
		{F3F89B11-F6CD-432A-8978-82F06E9FD2FB}.Release|Any CPU.Build.0 = Release|Any CPU
	EndGlobalSection
	GlobalSection(SolutionProperties) = preSolution
		HideSolutionNode = FALSE
	EndGlobalSection
	GlobalSection(ExtensibilityGlobals) = postSolution
		SolutionGuid = {46118C74-FE43-4A43-82CC-50242B5E0134}
	EndGlobalSection
EndGlobal
